{
    "_meta": {
        "hash": {
            "sha256": "208c880614c7d8521fb0a81aef8946fc0d15f700830e0271577ab946959e4324"
        },
        "pipfile-spec": 6,
        "requires": {
            "python_version": "3.6"
        },
        "sources": [
            {
                "name": "pypi",
                "url": "https://pypi.python.org/simple",
                "verify_ssl": true
            }
        ]
    },
    "default": {
        "attrs": {
            "hashes": [
                "sha256:1c7960ccfd6a005cd9f7ba884e6316b5e430a3f1a6c37c5f87d8b43f83b54ec9",
                "sha256:a17a9573a6f475c99b551c0e0a812707ddda1ec9653bed04c13841404ed6f450"
            ],
            "version": "==17.4.0"
        },
        "boto3": {
            "hashes": [
                "sha256:af15ca6dd4dd3a755e7ff47bed743cd43d0f0a38b3f5981f01b562599aab8c65",
                "sha256:c3899e6101e0bc74102d2b470b00fdf88d900eca61cc82ba2902a295ca1dc053"
            ],
            "version": "==1.6.10"
        },
        "botocore": {
            "hashes": [
                "sha256:9d3af6f282fe61b2a4a5d5d7d46fa14572d6a8a7617d8fbe77ae1ce0dbef1a7c",
                "sha256:aacbb728198d5482014e5bca93aead8e3cf6db501a3ee70d6576f8839b4a0d32"
            ],
            "version": "==1.9.10"
        },
        "colorama": {
            "hashes": [
                "sha256:463f8483208e921368c9f306094eb6f725c6ca42b0f97e313cb5d5512459feda",
                "sha256:48eb22f4f8461b1df5734a074b57042430fb06e1d61bd1e11b078c0fe6d7a1f1"
            ],
            "markers": "sys_platform == 'win32'",
            "version": "==0.3.9"
        },
        "docutils": {
            "hashes": [
                "sha256:02aec4bd92ab067f6ff27a38a38a41173bf01bed8f89157768c1573f53e474a6",
                "sha256:51e64ef2ebfb29cae1faa133b3710143496eca21c530f3f71424d77687764274",
                "sha256:7a4bd47eaf6596e1295ecb11361139febe29b084a87bf005bf899f9a42edc3c6"
            ],
            "version": "==0.14"
        },
        "funcsigs": {
            "hashes": [
                "sha256:330cc27ccbf7f1e992e69fef78261dc7c6569012cf397db8d3de0234e6c937ca",
                "sha256:a7bb0f2cf3a3fd1ab2732cb49eba4252c2af4240442415b4abce3b87022a8f50"
            ],
            "markers": "python_version < '3.0'",
            "version": "==1.0.2"
        },
        "jmespath": {
            "hashes": [
                "sha256:6a81d4c9aa62caf061cb517b4d9ad1dd300374cd4706997aff9cd6aedd61fc64",
                "sha256:f11b4461f425740a1d908e9a3f7365c3d2e569f6ca68a2ff8bc5bcd9676edd63"
            ],
            "version": "==0.9.3"
        },
        "pluggy": {
            "hashes": [
                "sha256:7f8ae7f5bdf75671a718d2daf0a64b7885f74510bcd98b1a0bb420eb9a9d0cff"
            ],
            "version": "==0.6.0"
        },
        "py": {
            "hashes": [
                "sha256:8cca5c229d225f8c1e3085be4fcf306090b00850fefad892f9d96c7b6e2f310f",
                "sha256:ca18943e28235417756316bfada6cd96b23ce60dd532642690dcfdaba988a76d"
            ],
            "version": "==1.5.2"
        },
        "pytest": {
            "hashes": [
                "sha256:062027955bccbc04d2fcd5d79690947e018ba31abe4c90b2c6721abec734261b",
                "sha256:117bad36c1a787e1a8a659df35de53ba05f9f3398fb9e4ac17e80ad5903eb8c5"
            ],
            "version": "==3.4.2"
        },
        "python-dateutil": {
            "hashes": [
                "sha256:891c38b2a02f5bb1be3e4793866c8df49c7d19baabf9c1bad62547e0b4866aca",
                "sha256:95511bae634d69bc7329ba55e646499a842bc4ec342ad54a8cdb65645a0aad3c"
            ],
            "version": "==2.6.1"
        },
        "s3transfer": {
            "hashes": [
                "sha256:90dc18e028989c609146e241ea153250be451e05ecc0c2832565231dacdf59c1",
                "sha256:c7a9ec356982d5e9ab2d4b46391a7d6a950e2b04c472419f5fdec70cc0ada72f"
            ],
            "version": "==0.1.13"
        },
        "six": {
            "hashes": [
                "sha256:70e8a77beed4562e7f14fe23a786b54f6296e34344c23bc42f07b15018ff98e9",
                "sha256:832dc0e10feb1aa2c68dcc57dbb658f1c7e65b9b61af69048abc87a2db00a0eb"
            ],
            "version": "==1.11.0"
        }
    },
    "develop": {
        "attrs": {
            "hashes": [
                "sha256:1c7960ccfd6a005cd9f7ba884e6316b5e430a3f1a6c37c5f87d8b43f83b54ec9",
                "sha256:a17a9573a6f475c99b551c0e0a812707ddda1ec9653bed04c13841404ed6f450"
            ],
            "version": "==17.4.0"
        },
        "colorama": {
            "hashes": [
                "sha256:463f8483208e921368c9f306094eb6f725c6ca42b0f97e313cb5d5512459feda",
                "sha256:48eb22f4f8461b1df5734a074b57042430fb06e1d61bd1e11b078c0fe6d7a1f1"
            ],
            "markers": "sys_platform == 'win32'",
            "version": "==0.3.9"
        },
        "funcsigs": {
            "hashes": [
                "sha256:330cc27ccbf7f1e992e69fef78261dc7c6569012cf397db8d3de0234e6c937ca",
                "sha256:a7bb0f2cf3a3fd1ab2732cb49eba4252c2af4240442415b4abce3b87022a8f50"
            ],
            "markers": "python_version < '3.0'",
            "version": "==1.0.2"
        },
        "mock": {
            "hashes": [
                "sha256:5ce3c71c5545b472da17b72268978914d0252980348636840bd34a00b5cc96c1",
                "sha256:b158b6df76edd239b8208d481dc46b6afd45a846b7812ff0ce58971cf5bc8bba"
            ],
            "markers": "python_version < '3.0'",
            "version": "==2.0.0"
        },
        "pbr": {
            "hashes": [
                "sha256:05f61c71aaefc02d8e37c0a3eeb9815ff526ea28b3b76324769e6158d7f95be1",
                "sha256:60c25b7dfd054ef9bb0ae327af949dd4676aa09ac3a9471cdc871d8a9213f9ac"
            ],
            "version": "==3.1.1"
        },
        "pluggy": {
            "hashes": [
                "sha256:7f8ae7f5bdf75671a718d2daf0a64b7885f74510bcd98b1a0bb420eb9a9d0cff"
            ],
            "version": "==0.6.0"
        },
        "py": {
            "hashes": [
                "sha256:8cca5c229d225f8c1e3085be4fcf306090b00850fefad892f9d96c7b6e2f310f",
                "sha256:ca18943e28235417756316bfada6cd96b23ce60dd532642690dcfdaba988a76d"
            ],
            "version": "==1.5.2"
        },
        "pytest": {
            "hashes": [
                "sha256:062027955bccbc04d2fcd5d79690947e018ba31abe4c90b2c6721abec734261b",
                "sha256:117bad36c1a787e1a8a659df35de53ba05f9f3398fb9e4ac17e80ad5903eb8c5"
            ],
            "version": "==3.4.2"
        },
        "pytest-mock": {
            "hashes": [
                "sha256:03a2fea79d0a83a8de2e77e92afe5f0a5ca99a58cc68f843f9a74de34800a943",
                "sha256:b879dff61e31fcd4727c227c182f15f222a155293cc64ed5a02d55e0020cf949"
            ],
            "version": "==1.7.1"
        },
        "six": {
            "hashes": [
                "sha256:70e8a77beed4562e7f14fe23a786b54f6296e34344c23bc42f07b15018ff98e9",
                "sha256:832dc0e10feb1aa2c68dcc57dbb658f1c7e65b9b61af69048abc87a2db00a0eb"
            ],
            "version": "==1.11.0"
        }
    }
}
